// !$*UTF8*$!
{
	archiveVersion = 1;
	classes = {
	};
	objectVersion = 55;
	objects = {

/* Begin PBXBuildFile section */
		B378E84A1376B164D4DEE4D3 /* Pods_CPlab1.framework in Frameworks */ = {isa = PBXBuildFile; fileRef = 308598796F8938F4E12671B3 /* Pods_CPlab1.framework */; };
		D02E626827C468A3002EA891 /* AppDelegate.swift in Sources */ = {isa = PBXBuildFile; fileRef = D02E626727C468A3002EA891 /* AppDelegate.swift */; };
		D02E626A27C468A3002EA891 /* SceneDelegate.swift in Sources */ = {isa = PBXBuildFile; fileRef = D02E626927C468A3002EA891 /* SceneDelegate.swift */; };
		D02E626C27C468A3002EA891 /* ViewController.swift in Sources */ = {isa = PBXBuildFile; fileRef = D02E626B27C468A3002EA891 /* ViewController.swift */; };
		D02E626F27C468A3002EA891 /* Main.storyboard in Resources */ = {isa = PBXBuildFile; fileRef = D02E626D27C468A3002EA891 /* Main.storyboard */; };
		D02E627127C468A6002EA891 /* Assets.xcassets in Resources */ = {isa = PBXBuildFile; fileRef = D02E627027C468A6002EA891 /* Assets.xcassets */; };
		D02E627427C468A6002EA891 /* LaunchScreen.storyboard in Resources */ = {isa = PBXBuildFile; fileRef = D02E627227C468A6002EA891 /* LaunchScreen.storyboard */; };
		D02E627C27C46ACB002EA891 /* RestaurantTableViewCell.swift in Sources */ = {isa = PBXBuildFile; fileRef = D02E627B27C46ACB002EA891 /* RestaurantTableViewCell.swift */; };
		D02E627E27C514F5002EA891 /* RestaurantService.swift in Sources */ = {isa = PBXBuildFile; fileRef = D02E627D27C514F5002EA891 /* RestaurantService.swift */; };
		D02E628027C51605002EA891 /* Restaurant.swift in Sources */ = {isa = PBXBuildFile; fileRef = D02E627F27C51605002EA891 /* Restaurant.swift */; };
/* End PBXBuildFile section */

/* Begin PBXFileReference section */
		308598796F8938F4E12671B3 /* Pods_CPlab1.framework */ = {isa = PBXFileReference; explicitFileType = wrapper.framework; includeInIndex = 0; path = Pods_CPlab1.framework; sourceTree = BUILT_PRODUCTS_DIR; };
		CE7F0F8321FED35E40D665D0 /* Pods-CPlab1.release.xcconfig */ = {isa = PBXFileReference; includeInIndex = 1; lastKnownFileType = text.xcconfig; name = "Pods-CPlab1.release.xcconfig"; path = "Target Support Files/Pods-CPlab1/Pods-CPlab1.release.xcconfig"; sourceTree = "<group>"; };
		D02E626427C468A3002EA891 /* CPlab1.app */ = {isa = PBXFileReference; explicitFileType = wrapper.application; includeInIndex = 0; path = CPlab1.app; sourceTree = BUILT_PRODUCTS_DIR; };
		D02E626727C468A3002EA891 /* AppDelegate.swift */ = {isa = PBXFileReference; lastKnownFileType = sourcecode.swift; path = AppDelegate.swift; sourceTree = "<group>"; };
		D02E626927C468A3002EA891 /* SceneDelegate.swift */ = {isa = PBXFileReference; lastKnownFileType = sourcecode.swift; path = SceneDelegate.swift; sourceTree = "<group>"; };
		D02E626B27C468A3002EA891 /* ViewController.swift */ = {isa = PBXFileReference; lastKnownFileType = sourcecode.swift; path = ViewController.swift; sourceTree = "<group>"; };
		D02E626E27C468A3002EA891 /* Base */ = {isa = PBXFileReference; lastKnownFileType = file.storyboard; name = Base; path = Base.lproj/Main.storyboard; sourceTree = "<group>"; };
		D02E627027C468A6002EA891 /* Assets.xcassets */ = {isa = PBXFileReference; lastKnownFileType = folder.assetcatalog; path = Assets.xcassets; sourceTree = "<group>"; };
		D02E627327C468A6002EA891 /* Base */ = {isa = PBXFileReference; lastKnownFileType = file.storyboard; name = Base; path = Base.lproj/LaunchScreen.storyboard; sourceTree = "<group>"; };
		D02E627527C468A6002EA891 /* Info.plist */ = {isa = PBXFileReference; lastKnownFileType = text.plist.xml; path = Info.plist; sourceTree = "<group>"; };
		D02E627B27C46ACB002EA891 /* RestaurantTableViewCell.swift */ = {isa = PBXFileReference; lastKnownFileType = sourcecode.swift; path = RestaurantTableViewCell.swift; sourceTree = "<group>"; };
		D02E627D27C514F5002EA891 /* RestaurantService.swift */ = {isa = PBXFileReference; lastKnownFileType = sourcecode.swift; path = RestaurantService.swift; sourceTree = "<group>"; };
		D02E627F27C51605002EA891 /* Restaurant.swift */ = {isa = PBXFileReference; lastKnownFileType = sourcecode.swift; path = Restaurant.swift; sourceTree = "<group>"; };
		FF66C96C462D66CF29E45BDB /* Pods-CPlab1.debug.xcconfig */ = {isa = PBXFileReference; includeInIndex = 1; lastKnownFileType = text.xcconfig; name = "Pods-CPlab1.debug.xcconfig"; path = "Target Support Files/Pods-CPlab1/Pods-CPlab1.debug.xcconfig"; sourceTree = "<group>"; };
/* End PBXFileReference section */

/* Begin PBXFrameworksBuildPhase section */
		D02E626127C468A3002EA891 /* Frameworks */ = {
			isa = PBXFrameworksBuildPhase;
			buildActionMask = 2147483647;
			files = (
				B378E84A1376B164D4DEE4D3 /* Pods_CPlab1.framework in Frameworks */,
			);
			runOnlyForDeploymentPostprocessing = 0;
		};
/* End PBXFrameworksBuildPhase section */

/* Begin PBXGroup section */
		14C4DC45407F920E5C9A0415 /* Frameworks */ = {
			isa = PBXGroup;
			children = (
				308598796F8938F4E12671B3 /* Pods_CPlab1.framework */,
			);
			name = Frameworks;
			sourceTree = "<group>";
		};
		D02E625B27C468A3002EA891 = {
			isa = PBXGroup;
			children = (
				D02E626627C468A3002EA891 /* CPlab1 */,
				D02E626527C468A3002EA891 /* Products */,
				E165F6322E786E377769D030 /* Pods */,
				14C4DC45407F920E5C9A0415 /* Frameworks */,
			);
			sourceTree = "<group>";
		};
		D02E626527C468A3002EA891 /* Products */ = {
			isa = PBXGroup;
			children = (
				D02E626427C468A3002EA891 /* CPlab1.app */,
			);
			name = Products;
			sourceTree = "<group>";
		};
		D02E626627C468A3002EA891 /* CPlab1 */ = {
			isa = PBXGroup;
			children = (
				D02E626727C468A3002EA891 /* AppDelegate.swift */,
				D02E626927C468A3002EA891 /* SceneDelegate.swift */,
				D02E62A527C85BF3002EA891 /* Model */,
				D02E62A627C85C0D002EA891 /* View */,
				D02E62A427C85BD3002EA891 /* Controller */,
				D02E627027C468A6002EA891 /* Assets.xcassets */,
				D02E627227C468A6002EA891 /* LaunchScreen.storyboard */,
				D02E627527C468A6002EA891 /* Info.plist */,
			);
			path = CPlab1;
			sourceTree = "<group>";
		};
		D02E62A427C85BD3002EA891 /* Controller */ = {
			isa = PBXGroup;
			children = (
				D02E626B27C468A3002EA891 /* ViewController.swift */,
				D02E627B27C46ACB002EA891 /* RestaurantTableViewCell.swift */,
			);
			path = Controller;
			sourceTree = "<group>";
		};
		D02E62A527C85BF3002EA891 /* Model */ = {
			isa = PBXGroup;
			children = (
				D02E627F27C51605002EA891 /* Restaurant.swift */,
				D02E627D27C514F5002EA891 /* RestaurantService.swift */,
			);
			path = Model;
			sourceTree = "<group>";
		};
		D02E62A627C85C0D002EA891 /* View */ = {
			isa = PBXGroup;
			children = (
				D02E626D27C468A3002EA891 /* Main.storyboard */,
			);
			path = View;
			sourceTree = "<group>";
		};
		E165F6322E786E377769D030 /* Pods */ = {
			isa = PBXGroup;
			children = (
				FF66C96C462D66CF29E45BDB /* Pods-CPlab1.debug.xcconfig */,
				CE7F0F8321FED35E40D665D0 /* Pods-CPlab1.release.xcconfig */,
			);
			path = Pods;
			sourceTree = "<group>";
		};
/* End PBXGroup section */

/* Begin PBXNativeTarget section */
		D02E626327C468A3002EA891 /* CPlab1 */ = {
			isa = PBXNativeTarget;
			buildConfigurationList = D02E627827C468A6002EA891 /* Build configuration list for PBXNativeTarget "CPlab1" */;
			buildPhases = (
				E48A93271E2339A9675B9B0D /* [CP] Check Pods Manifest.lock */,
				D02E626027C468A3002EA891 /* Sources */,
				D02E626127C468A3002EA891 /* Frameworks */,
				D02E626227C468A3002EA891 /* Resources */,
				DB8D961BE312FE3E949960EB /* [CP] Embed Pods Frameworks */,
			);
			buildRules = (
			);
			dependencies = (
			);
			name = CPlab1;
			productName = CPlab1;
			productReference = D02E626427C468A3002EA891 /* CPlab1.app */;
			productType = "com.apple.product-type.application";
		};
/* End PBXNativeTarget section */

/* Begin PBXProject section */
		D02E625C27C468A3002EA891 /* Project object */ = {
			isa = PBXProject;
			attributes = {
				BuildIndependentTargetsInParallel = 1;
				LastSwiftUpdateCheck = 1320;
				LastUpgradeCheck = 1320;
				TargetAttributes = {
					D02E626327C468A3002EA891 = {
						CreatedOnToolsVersion = 13.2.1;
					};
				};
			};
			buildConfigurationList = D02E625F27C468A3002EA891 /* Build configuration list for PBXProject "CPlab1" */;
			compatibilityVersion = "Xcode 13.0";
			developmentRegion = en;
			hasScannedForEncodings = 0;
			knownRegions = (
				en,
				Base,
			);
			mainGroup = D02E625B27C468A3002EA891;
			productRefGroup = D02E626527C468A3002EA891 /* Products */;
			projectDirPath = "";
			projectRoot = "";
			targets = (
				D02E626327C468A3002EA891 /* CPlab1 */,
			);
		};
/* End PBXProject section */

/* Begin PBXResourcesBuildPhase section */
		D02E626227C468A3002EA891 /* Resources */ = {
			isa = PBXResourcesBuildPhase;
			buildActionMask = 2147483647;
			files = (
				D02E627427C468A6002EA891 /* LaunchScreen.storyboard in Resources */,
				D02E627127C468A6002EA891 /* Assets.xcassets in Resources */,
				D02E626F27C468A3002EA891 /* Main.storyboard in Resources */,
			);
			runOnlyForDeploymentPostprocessing = 0;
		};
/* End PBXResourcesBuildPhase section */

/* Begin PBXShellScriptBuildPhase section */
		DB8D961BE312FE3E949960EB /* [CP] Embed Pods Frameworks */ = {
			isa = PBXShellScriptBuildPhase;
			buildActionMask = 2147483647;
			files = (
			);
			inputFileListPaths = (
				"${PODS_ROOT}/Target Support Files/Pods-CPlab1/Pods-CPlab1-frameworks-${CONFIGURATION}-input-files.xcfilelist",
			);
			name = "[CP] Embed Pods Frameworks";
			outputFileListPaths = (
				"${PODS_ROOT}/Target Support Files/Pods-CPlab1/Pods-CPlab1-frameworks-${CONFIGURATION}-output-files.xcfilelist",
			);
			runOnlyForDeploymentPostprocessing = 0;
			shellPath = /bin/sh;
			shellScript = "\"${PODS_ROOT}/Target Support Files/Pods-CPlab1/Pods-CPlab1-frameworks.sh\"\n";
			showEnvVarsInLog = 0;
		};
		E48A93271E2339A9675B9B0D /* [CP] Check Pods Manifest.lock */ = {
			isa = PBXShellScriptBuildPhase;
			buildActionMask = 2147483647;
			files = (
			);
			inputFileListPaths = (
			);
			inputPaths = (
				"${PODS_PODFILE_DIR_PATH}/Podfile.lock",
				"${PODS_ROOT}/Manifest.lock",
			);
			name = "[CP] Check Pods Manifest.lock";
			outputFileListPaths = (
			);
			outputPaths = (
				"$(DERIVED_FILE_DIR)/Pods-CPlab1-checkManifestLockResult.txt",
			);
			runOnlyForDeploymentPostprocessing = 0;
			shellPath = /bin/sh;
			shellScript = "diff \"${PODS_PODFILE_DIR_PATH}/Podfile.lock\" \"${PODS_ROOT}/Manifest.lock\" > /dev/null\nif [ $? != 0 ] ; then\n    # print error to STDERR\n    echo \"error: The sandbox is not in sync with the Podfile.lock. Run 'pod install' or update your CocoaPods installation.\" >&2\n    exit 1\nfi\n# This output is used by Xcode 'outputs' to avoid re-running this script phase.\necho \"SUCCESS\" > \"${SCRIPT_OUTPUT_FILE_0}\"\n";
			showEnvVarsInLog = 0;
		};
/* End PBXShellScriptBuildPhase section */

/* Begin PBXSourcesBuildPhase section */
		D02E626027C468A3002EA891 /* Sources */ = {
			isa = PBXSourcesBuildPhase;
			buildActionMask = 2147483647;
			files = (
				D02E627C27C46ACB002EA891 /* RestaurantTableViewCell.swift in Sources */,
				D02E626C27C468A3002EA891 /* ViewController.swift in Sources */,
				D02E628027C51605002EA891 /* Restaurant.swift in Sources */,
				D02E626827C468A3002EA891 /* AppDelegate.swift in Sources */,
				D02E627E27C514F5002EA891 /* RestaurantService.swift in Sources */,
				D02E626A27C468A3002EA891 /* SceneDelegate.swift in Sources */,
			);
			runOnlyForDeploymentPostprocessing = 0;
		};
/* End PBXSourcesBuildPhase section */

/* Begin PBXVariantGroup section */
		D02E626D27C468A3002EA891 /* Main.storyboard */ = {
			isa = PBXVariantGroup;
			children = (
				D02E626E27C468A3002EA891 /* Base */,
			);
			name = Main.storyboard;
			sourceTree = "<group>";
		};
		D02E627227C468A6002EA891 /* LaunchScreen.storyboard */ = {
			isa = PBXVariantGroup;
			children = (
				D02E627327C468A6002EA891 /* Base */,
			);
			name = LaunchScreen.storyboard;
			sourceTree = "<group>";
		};
/* End PBXVariantGroup section */

/* Begin XCBuildConfiguration section */
		D02E627627C468A6002EA891 /* Debug */ = {
			isa = XCBuildConfiguration;
			buildSettings = {
				ALWAYS_SEARCH_USER_PATHS = NO;
				CLANG_ANALYZER_NONNULL = YES;
				CLANG_ANALYZER_NUMBER_OBJECT_CONVERSION = YES_AGGRESSIVE;
				CLANG_CXX_LANGUAGE_STANDARD = "gnu++17";
				CLANG_CXX_LIBRARY = "libc++";
				CLANG_ENABLE_MODULES = YES;
				CLANG_ENABLE_OBJC_ARC = YES;
				CLANG_ENABLE_OBJC_WEAK = YES;
				CLANG_WARN_BLOCK_CAPTURE_AUTORELEASING = YES;
				CLANG_WARN_BOOL_CONVERSION = YES;
				CLANG_WARN_COMMA = YES;
				CLANG_WARN_CONSTANT_CONVERSION = YES;
				CLANG_WARN_DEPRECATED_OBJC_IMPLEMENTATIONS = YES;
				CLANG_WARN_DIRECT_OBJC_ISA_USAGE = YES_ERROR;
				CLANG_WARN_DOCUMENTATION_COMMENTS = YES;
				CLANG_WARN_EMPTY_BODY = YES;
				CLANG_WARN_ENUM_CONVERSION = YES;
				CLANG_WARN_INFINITE_RECURSION = YES;
				CLANG_WARN_INT_CONVERSION = YES;
				CLANG_WARN_NON_LITERAL_NULL_CONVERSION = YES;
				CLANG_WARN_OBJC_IMPLICIT_RETAIN_SELF = YES;
				CLANG_WARN_OBJC_LITERAL_CONVERSION = YES;
				CLANG_WARN_OBJC_ROOT_CLASS = YES_ERROR;
				CLANG_WARN_QUOTED_INCLUDE_IN_FRAMEWORK_HEADER = YES;
				CLANG_WARN_RANGE_LOOP_ANALYSIS = YES;
				CLANG_WARN_STRICT_PROTOTYPES = YES;
				CLANG_WARN_SUSPICIOUS_MOVE = YES;
				CLANG_WARN_UNGUARDED_AVAILABILITY = YES_AGGRESSIVE;
				CLANG_WARN_UNREACHABLE_CODE = YES;
				CLANG_WARN__DUPLICATE_METHOD_MATCH = YES;
				COPY_PHASE_STRIP = NO;
				DEBUG_INFORMATION_FORMAT = dwarf;
				ENABLE_STRICT_OBJC_MSGSEND = YES;
				ENABLE_TESTABILITY = YES;
				GCC_C_LANGUAGE_STANDARD = gnu11;
				GCC_DYNAMIC_NO_PIC = NO;
				GCC_NO_COMMON_BLOCKS = YES;
				GCC_OPTIMIZATION_LEVEL = 0;
				GCC_PREPROCESSOR_DEFINITIONS = (
					"DEBUG=1",
					"$(inherited)",
				);
				GCC_WARN_64_TO_32_BIT_CONVERSION = YES;
				GCC_WARN_ABOUT_RETURN_TYPE = YES_ERROR;
				GCC_WARN_UNDECLARED_SELECTOR = YES;
				GCC_WARN_UNINITIALIZED_AUTOS = YES_AGGRESSIVE;
				GCC_WARN_UNUSED_FUNCTION = YES;
				GCC_WARN_UNUSED_VARIABLE = YES;
				IPHONEOS_DEPLOYMENT_TARGET = 15.2;
				MTL_ENABLE_DEBUG_INFO = INCLUDE_SOURCE;
				MTL_FAST_MATH = YES;
				ONLY_ACTIVE_ARCH = YES;
				SDKROOT = iphoneos;
				SWIFT_ACTIVE_COMPILATION_CONDITIONS = DEBUG;
				SWIFT_OPTIMIZATION_LEVEL = "-Onone";
			};
			name = Debug;
		};
		D02E627727C468A6002EA891 /* Release */ = {
			isa = XCBuildConfiguration;
			buildSettings = {
				ALWAYS_SEARCH_USER_PATHS = NO;
				CLANG_ANALYZER_NONNULL = YES;
				CLANG_ANALYZER_NUMBER_OBJECT_CONVERSION = YES_AGGRESSIVE;
				CLANG_CXX_LANGUAGE_STANDARD = "gnu++17";
				CLANG_CXX_LIBRARY = "libc++";
				CLANG_ENABLE_MODULES = YES;
				CLANG_ENABLE_OBJC_ARC = YES;
				CLANG_ENABLE_OBJC_WEAK = YES;
				CLANG_WARN_BLOCK_CAPTURE_AUTORELEASING = YES;
				CLANG_WARN_BOOL_CONVERSION = YES;
				CLANG_WARN_COMMA = YES;
				CLANG_WARN_CONSTANT_CONVERSION = YES;
				CLANG_WARN_DEPRECATED_OBJC_IMPLEMENTATIONS = YES;
				CLANG_WARN_DIRECT_OBJC_ISA_USAGE = YES_ERROR;
				CLANG_WARN_DOCUMENTATION_COMMENTS = YES;
				CLANG_WARN_EMPTY_BODY = YES;
				CLANG_WARN_ENUM_CONVERSION = YES;
				CLANG_WARN_INFINITE_RECURSION = YES;
				CLANG_WARN_INT_CONVERSION = YES;
				CLANG_WARN_NON_LITERAL_NULL_CONVERSION = YES;
				CLANG_WARN_OBJC_IMPLICIT_RETAIN_SELF = YES;
				CLANG_WARN_OBJC_LITERAL_CONVERSION = YES;
				CLANG_WARN_OBJC_ROOT_CLASS = YES_ERROR;
				CLANG_WARN_QUOTED_INCLUDE_IN_FRAMEWORK_HEADER = YES;
				CLANG_WARN_RANGE_LOOP_ANALYSIS = YES;
				CLANG_WARN_STRICT_PROTOTYPES = YES;
				CLANG_WARN_SUSPICIOUS_MOVE = YES;
				CLANG_WARN_UNGUARDED_AVAILABILITY = YES_AGGRESSIVE;
				CLANG_WARN_UNREACHABLE_CODE = YES;
				CLANG_WARN__DUPLICATE_METHOD_MATCH = YES;
				COPY_PHASE_STRIP = NO;
				DEBUG_INFORMATION_FORMAT = "dwarf-with-dsym";
				ENABLE_NS_ASSERTIONS = NO;
				ENABLE_STRICT_OBJC_MSGSEND = YES;
				GCC_C_LANGUAGE_STANDARD = gnu11;
				GCC_NO_COMMON_BLOCKS = YES;
				GCC_WARN_64_TO_32_BIT_CONVERSION = YES;
				GCC_WARN_ABOUT_RETURN_TYPE = YES_ERROR;
				GCC_WARN_UNDECLARED_SELECTOR = YES;
				GCC_WARN_UNINITIALIZED_AUTOS = YES_AGGRESSIVE;
				GCC_WARN_UNUSED_FUNCTION = YES;
				GCC_WARN_UNUSED_VARIABLE = YES;
				IPHONEOS_DEPLOYMENT_TARGET = 15.2;
				MTL_ENABLE_DEBUG_INFO = NO;
				MTL_FAST_MATH = YES;
				SDKROOT = iphoneos;
				SWIFT_COMPILATION_MODE = wholemodule;
				SWIFT_OPTIMIZATION_LEVEL = "-O";
				VALIDATE_PRODUCT = YES;
			};
			name = Release;
		};
		D02E627927C468A6002EA891 /* Debug */ = {
			isa = XCBuildConfiguration;
			baseConfigurationReference = FF66C96C462D66CF29E45BDB /* Pods-CPlab1.debug.xcconfig */;
			buildSettings = {
				ASSETCATALOG_COMPILER_APPICON_NAME = AppIcon;
				ASSETCATALOG_COMPILER_GLOBAL_ACCENT_COLOR_NAME = AccentColor;
				CODE_SIGN_STYLE = Automatic;
				CURRENT_PROJECT_VERSION = 1;
				GENERATE_INFOPLIST_FILE = YES;
				INFOPLIST_FILE = CPlab1/Info.plist;
				INFOPLIST_KEY_UIApplicationSupportsIndirectInputEvents = YES;
				INFOPLIST_KEY_UILaunchStoryboardName = LaunchScreen;
				INFOPLIST_KEY_UIMainStoryboardFile = Main;
				INFOPLIST_KEY_UISupportedInterfaceOrientations_iPad = "UIInterfaceOrientationPortrait UIInterfaceOrientationPortraitUpsideDown UIInterfaceOrientationLandscapeLeft UIInterfaceOrientationLandscapeRight";
				INFOPLIST_KEY_UISupportedInterfaceOrientations_iPhone = "UIInterfaceOrientationPortrait UIInterfaceOrientationLandscapeLeft UIInterfaceOrientationLandscapeRight";
				LD_RUNPATH_SEARCH_PATHS = (
					"$(inherited)",
					"@executable_path/Frameworks",
				);
				MARKETING_VERSION = 1.0;
				PRODUCT_BUNDLE_IDENTIFIER = com.nikolabaci.CPlab1;
				PRODUCT_NAME = "$(TARGET_NAME)";
				SWIFT_EMIT_LOC_STRINGS = YES;
				SWIFT_VERSION = 5.0;
				TARGETED_DEVICE_FAMILY = "1,2";
			};
			name = Debug;
		};
		D02E627A27C468A6002EA891 /* Release */ = {
			isa = XCBuildConfiguration;
			baseConfigurationReference = CE7F0F8321FED35E40D665D0 /* Pods-CPlab1.release.xcconfig */;
			buildSettings = {
				ASSETCATALOG_COMPILER_APPICON_NAME = AppIcon;
				ASSETCATALOG_COMPILER_GLOBAL_ACCENT_COLOR_NAME = AccentColor;
				CODE_SIGN_STYLE = Automatic;
				CURRENT_PROJECT_VERSION = 1;
				GENERATE_INFOPLIST_FILE = YES;
				INFOPLIST_FILE = CPlab1/Info.plist;
				INFOPLIST_KEY_UIApplicationSupportsIndirectInputEvents = YES;
				INFOPLIST_KEY_UILaunchStoryboardName = LaunchScreen;
				INFOPLIST_KEY_UIMainStoryboardFile = Main;
				INFOPLIST_KEY_UISupportedInterfaceOrientations_iPad = "UIInterfaceOrientationPortrait UIInterfaceOrientationPortraitUpsideDown UIInterfaceOrientationLandscapeLeft UIInterfaceOrientationLandscapeRight";
				INFOPLIST_KEY_UISupportedInterfaceOrientations_iPhone = "UIInterfaceOrientationPortrait UIInterfaceOrientationLandscapeLeft UIInterfaceOrientationLandscapeRight";
				LD_RUNPATH_SEARCH_PATHS = (
					"$(inherited)",
					"@executable_path/Frameworks",
				);
				MARKETING_VERSION = 1.0;
				PRODUCT_BUNDLE_IDENTIFIER = com.nikolabaci.CPlab1;
				PRODUCT_NAME = "$(TARGET_NAME)";
				SWIFT_EMIT_LOC_STRINGS = YES;
				SWIFT_VERSION = 5.0;
				TARGETED_DEVICE_FAMILY = "1,2";
			};
			name = Release;
		};
/* End XCBuildConfiguration section */

/* Begin XCConfigurationList section */
		D02E625F27C468A3002EA891 /* Build configuration list for PBXProject "CPlab1" */ = {
			isa = XCConfigurationList;
			buildConfigurations = (
				D02E627627C468A6002EA891 /* Debug */,
				D02E627727C468A6002EA891 /* Release */,
			);
			defaultConfigurationIsVisible = 0;
			defaultConfigurationName = Release;
		};
		D02E627827C468A6002EA891 /* Build configuration list for PBXNativeTarget "CPlab1" */ = {
			isa = XCConfigurationList;
			buildConfigurations = (
				D02E627927C468A6002EA891 /* Debug */,
				D02E627A27C468A6002EA891 /* Release */,
			);
			defaultConfigurationIsVisible = 0;
			defaultConfigurationName = Release;
		};
/* End XCConfigurationList section */
	};
	rootObject = D02E625C27C468A3002EA891 /* Project object */;
}
